<?xml version="1.0" encoding="utf-8"?>
<Project ToolsVersion="4.0" xmlns="http://schemas.microsoft.com/developer/msbuild/2003">
  <ItemGroup>
    <Filter Include="Header Files">
      <UniqueIdentifier>{ec82430d-1f2e-49f6-93cb-8aa5c4adaffd}</UniqueIdentifier>
    </Filter>
    <Filter Include="Source Files">
      <UniqueIdentifier>{0720c959-607b-4b3a-be7c-3ebcf0456330}</UniqueIdentifier>
    </Filter>
    <Filter Include="Header Files\Dialogs">
      <UniqueIdentifier>{9c2aef5a-cf2f-49ef-afca-57759f042c7b}</UniqueIdentifier>
    </Filter>
    <Filter Include="Source Files\Dialogs">
      <UniqueIdentifier>{11507724-019d-4502-a669-5a71f376359c}</UniqueIdentifier>
    </Filter>
    <Filter Include="Resource Files">
      <UniqueIdentifier>{bbdaee4d-6d98-4557-b9ec-c730777c55ac}</UniqueIdentifier>
    </Filter>
  </ItemGroup>
  <ItemGroup>
    <ClInclude Include="src\App.h">
      <Filter>Header Files</Filter>
    </ClInclude>
    <ClInclude Include="src\MainFrame.h">
      <Filter>Header Files</Filter>
    </ClInclude>
    <ClInclude Include="src\ModHandler.h">
      <Filter>Header Files</Filter>
    </ClInclude>
    <ClInclude Include="src\VanillaHandler.h">
      <Filter>Header Files</Filter>
    </ClInclude>
    <ClInclude Include="src\HelperStructures.h">
      <Filter>Header Files</Filter>
    </ClInclude>
    <ClInclude Include="src\Dialogs\BaseSelection.h">
      <Filter>Header Files\Dialogs</Filter>
    </ClInclude>
    <ClInclude Include="src\Dialogs\InkSelection.h">
      <Filter>Header Files\Dialogs</Filter>
    </ClInclude>
    <ClInclude Include="src\Dialogs\PrcSelection.h">
      <Filter>Header Files\Dialogs</Filter>
    </ClInclude>
  </ItemGroup>
  <ItemGroup>
    <ClCompile Include="src\App.cpp">
      <Filter>Source Files</Filter>
    </ClCompile>
    <ClCompile Include="src\MainFrame.cpp">
      <Filter>Source Files</Filter>
    </ClCompile>
    <ClCompile Include="src\ModHandler.cpp">
      <Filter>Source Files</Filter>
    </ClCompile>
    <ClCompile Include="src\VanillaHandler.cpp">
      <Filter>Source Files</Filter>
    </ClCompile>
    <ClCompile Include="src\HelperStructures.cpp">
      <Filter>Source Files</Filter>
    </ClCompile>
    <ClCompile Include="src\Dialogs\BaseSelection.cpp">
      <Filter>Source Files\Dialogs</Filter>
    </ClCompile>
    <ClCompile Include="src\Dialogs\InkSelection.cpp">
      <Filter>Source Files\Dialogs</Filter>
    </ClCompile>
    <ClCompile Include="src\Dialogs\PrcSelection.cpp">
      <Filter>Source Files\Dialogs</Filter>
    </ClCompile>
  </ItemGroup>
  <ItemGroup>
    <ResourceCompile Include="res\resource.rc">
      <Filter>Resource Files</Filter>
    </ResourceCompile>
  </ItemGroup>
</Project>